// !$*UTF8*$!
{
	archiveVersion = 1;
	classes = {
	};
	objectVersion = 50;
	objects = {

/* Begin PBXBuildFile section */
		0428F86C220040A3001D75E7 /* CellData.swift in Sources */ = {isa = PBXBuildFile; fileRef = 0428F86B220040A3001D75E7 /* CellData.swift */; };
		042B8A4921BDAA1800E02F77 /* AppDelegate.swift in Sources */ = {isa = PBXBuildFile; fileRef = 042B8A4821BDAA1800E02F77 /* AppDelegate.swift */; };
		042B8A4B21BDAA1800E02F77 /* ViewController.swift in Sources */ = {isa = PBXBuildFile; fileRef = 042B8A4A21BDAA1800E02F77 /* ViewController.swift */; };
		042B8A4E21BDAA1800E02F77 /* Main.storyboard in Resources */ = {isa = PBXBuildFile; fileRef = 042B8A4C21BDAA1800E02F77 /* Main.storyboard */; };
		042B8A5121BDAA1800E02F77 /* ForeSite.xcdatamodeld in Sources */ = {isa = PBXBuildFile; fileRef = 042B8A4F21BDAA1800E02F77 /* ForeSite.xcdatamodeld */; };
		042B8A5321BDAA1900E02F77 /* Assets.xcassets in Resources */ = {isa = PBXBuildFile; fileRef = 042B8A5221BDAA1900E02F77 /* Assets.xcassets */; };
		042B8A5621BDAA1900E02F77 /* LaunchScreen.storyboard in Resources */ = {isa = PBXBuildFile; fileRef = 042B8A5421BDAA1900E02F77 /* LaunchScreen.storyboard */; };
		042B8A6121BDAA1900E02F77 /* ForeSiteTests.swift in Sources */ = {isa = PBXBuildFile; fileRef = 042B8A6021BDAA1900E02F77 /* ForeSiteTests.swift */; };
		042B8A6C21BDAA1900E02F77 /* ForeSiteUITests.swift in Sources */ = {isa = PBXBuildFile; fileRef = 042B8A6B21BDAA1900E02F77 /* ForeSiteUITests.swift */; };
		044534C921D7FFBD008DC137 /* AppDelegate.swift in Sources */ = {isa = PBXBuildFile; fileRef = 042B8A4821BDAA1800E02F77 /* AppDelegate.swift */; };
		044534CB21D801FE008DC137 /* AWSCore.framework in Frameworks */ = {isa = PBXBuildFile; fileRef = 044534CA21D801FE008DC137 /* AWSCore.framework */; };
		044534CD21D8059D008DC137 /* AWSAppSync.framework in Frameworks */ = {isa = PBXBuildFile; fileRef = 044534CC21D8059D008DC137 /* AWSAppSync.framework */; };
		044534CF21D80643008DC137 /* AWSAuthCore.framework in Frameworks */ = {isa = PBXBuildFile; fileRef = 044534CE21D80643008DC137 /* AWSAuthCore.framework */; };
		04728BE6220BB95C00067283 /* EventViewController.swift in Sources */ = {isa = PBXBuildFile; fileRef = 04728BE5220BB95C00067283 /* EventViewController.swift */; };
		049AAF2322593B6500F7759F /* AuthController.swift in Sources */ = {isa = PBXBuildFile; fileRef = 049AAF2222593B6500F7759F /* AuthController.swift */; };
		049AAF252259DBDA00F7759F /* GlobalData.swift in Sources */ = {isa = PBXBuildFile; fileRef = 049AAF242259DBDA00F7759F /* GlobalData.swift */; };
		049AAF272259E30900F7759F /* Extensions.swift in Sources */ = {isa = PBXBuildFile; fileRef = 049AAF262259E30900F7759F /* Extensions.swift */; };
		04C415B3223DF9D70015D754 /* Alamofire.framework in Frameworks */ = {isa = PBXBuildFile; fileRef = 04C415B2223DF9D70015D754 /* Alamofire.framework */; };
		04C415B5223E00340015D754 /* NetworkClient.swift in Sources */ = {isa = PBXBuildFile; fileRef = 04C415B4223E00340015D754 /* NetworkClient.swift */; };
		04CB85D621DC68A900549DED /* AWSAuthUI.framework in Frameworks */ = {isa = PBXBuildFile; fileRef = 04CB85D521DC68A900549DED /* AWSAuthUI.framework */; };
		04CB85D821DC68B500549DED /* AWSCognitoIdentityProvider.framework in Frameworks */ = {isa = PBXBuildFile; fileRef = 04CB85D721DC68B500549DED /* AWSCognitoIdentityProvider.framework */; };
		04CB85DA21DC68B500549DED /* AWSCognitoIdentityProviderASF.framework in Frameworks */ = {isa = PBXBuildFile; fileRef = 04CB85D921DC68B500549DED /* AWSCognitoIdentityProviderASF.framework */; };
		04CB85DC21DC68B500549DED /* AWSMobileClient.framework in Frameworks */ = {isa = PBXBuildFile; fileRef = 04CB85DB21DC68B500549DED /* AWSMobileClient.framework */; };
		04CB85DE21DC68B500549DED /* AWSUserPoolsSignIn.framework in Frameworks */ = {isa = PBXBuildFile; fileRef = 04CB85DD21DC68B500549DED /* AWSUserPoolsSignIn.framework */; };
		04CB85E021DC68B500549DED /* Pods_ForeSiteTests.framework in Frameworks */ = {isa = PBXBuildFile; fileRef = 04CB85DF21DC68B500549DED /* Pods_ForeSiteTests.framework */; };
		04CB85E221DC68B500549DED /* Pods_ForeSiteUITests.framework in Frameworks */ = {isa = PBXBuildFile; fileRef = 04CB85E121DC68B500549DED /* Pods_ForeSiteUITests.framework */; };
		04CB85E421DC68B500549DED /* Reachability.framework in Frameworks */ = {isa = PBXBuildFile; fileRef = 04CB85E321DC68B500549DED /* Reachability.framework */; };
		04CB85E621DC68B500549DED /* SQLite.framework in Frameworks */ = {isa = PBXBuildFile; fileRef = 04CB85E521DC68B500549DED /* SQLite.framework */; };
		04CB85E821DC729100549DED /* awsconfiguration.json in Resources */ = {isa = PBXBuildFile; fileRef = 04CB85E721DC729100549DED /* awsconfiguration.json */; };
		04CB85EA21DC8AC900549DED /* Images.xcassets in Resources */ = {isa = PBXBuildFile; fileRef = 04CB85E921DC8AC900549DED /* Images.xcassets */; };
		04FA8E8921E6E0680082D89C /* UIButtonExtension.swift in Sources */ = {isa = PBXBuildFile; fileRef = 04FA8E8821E6E0680082D89C /* UIButtonExtension.swift */; };
		0E23D205E7001C00D699EAAF /* Pods_ForeSiteUITests.framework in Frameworks */ = {isa = PBXBuildFile; fileRef = 04CB85E121DC68B500549DED /* Pods_ForeSiteUITests.framework */; };
		2F91507FA728CFC98EA60D6E /* Pods_ForeSite.framework in Frameworks */ = {isa = PBXBuildFile; fileRef = 21F070DA5BCAE6A5972F7ED4 /* Pods_ForeSite.framework */; };
		672799BE7427DB9EC46C9E7C /* Pods_ForeSiteTests.framework in Frameworks */ = {isa = PBXBuildFile; fileRef = 04CB85DF21DC68B500549DED /* Pods_ForeSiteTests.framework */; };
		87F4491F7818A87CA680B85B /* Pods_ForeSiteTests.framework in Frameworks */ = {isa = PBXBuildFile; fileRef = 4A92DC2FC3E12C8727D95865 /* Pods_ForeSiteTests.framework */; };
		EF9B2E11CAF46A8DA38818C7 /* Pods_ForeSiteUITests.framework in Frameworks */ = {isa = PBXBuildFile; fileRef = 44C507CA72AE4097036E0C32 /* Pods_ForeSiteUITests.framework */; };
/* End PBXBuildFile section */

/* Begin PBXContainerItemProxy section */
		042B8A5D21BDAA1900E02F77 /* PBXContainerItemProxy */ = {
			isa = PBXContainerItemProxy;
			containerPortal = 042B8A3D21BDAA1800E02F77 /* Project object */;
			proxyType = 1;
			remoteGlobalIDString = 042B8A4421BDAA1800E02F77;
			remoteInfo = ForeSite;
		};
		042B8A6821BDAA1900E02F77 /* PBXContainerItemProxy */ = {
			isa = PBXContainerItemProxy;
			containerPortal = 042B8A3D21BDAA1800E02F77 /* Project object */;
			proxyType = 1;
			remoteGlobalIDString = 042B8A4421BDAA1800E02F77;
			remoteInfo = ForeSite;
		};
/* End PBXContainerItemProxy section */

/* Begin PBXFileReference section */
		035A34D632A78D837C27543E /* Pods-ForeSite.debug.xcconfig */ = {isa = PBXFileReference; includeInIndex = 1; lastKnownFileType = text.xcconfig; name = "Pods-ForeSite.debug.xcconfig"; path = "Pods/Target Support Files/Pods-ForeSite/Pods-ForeSite.debug.xcconfig"; sourceTree = "<group>"; };
		0428F86B220040A3001D75E7 /* CellData.swift */ = {isa = PBXFileReference; lastKnownFileType = sourcecode.swift; path = CellData.swift; sourceTree = "<group>"; };
		042B8A4521BDAA1800E02F77 /* ForeSite.app */ = {isa = PBXFileReference; explicitFileType = wrapper.application; includeInIndex = 0; path = ForeSite.app; sourceTree = BUILT_PRODUCTS_DIR; };
		042B8A4821BDAA1800E02F77 /* AppDelegate.swift */ = {isa = PBXFileReference; lastKnownFileType = sourcecode.swift; path = AppDelegate.swift; sourceTree = "<group>"; };
		042B8A4A21BDAA1800E02F77 /* ViewController.swift */ = {isa = PBXFileReference; lastKnownFileType = sourcecode.swift; path = ViewController.swift; sourceTree = "<group>"; };
		042B8A4D21BDAA1800E02F77 /* Base */ = {isa = PBXFileReference; lastKnownFileType = file.storyboard; name = Base; path = Base.lproj/Main.storyboard; sourceTree = "<group>"; };
		042B8A5021BDAA1800E02F77 /* ForeSite.xcdatamodel */ = {isa = PBXFileReference; lastKnownFileType = wrapper.xcdatamodel; path = ForeSite.xcdatamodel; sourceTree = "<group>"; };
		042B8A5221BDAA1900E02F77 /* Assets.xcassets */ = {isa = PBXFileReference; lastKnownFileType = folder.assetcatalog; path = Assets.xcassets; sourceTree = "<group>"; };
		042B8A5521BDAA1900E02F77 /* Base */ = {isa = PBXFileReference; lastKnownFileType = file.storyboard; name = Base; path = Base.lproj/LaunchScreen.storyboard; sourceTree = "<group>"; };
		042B8A5721BDAA1900E02F77 /* Info.plist */ = {isa = PBXFileReference; lastKnownFileType = text.plist.xml; path = Info.plist; sourceTree = "<group>"; };
		042B8A5C21BDAA1900E02F77 /* ForeSiteTests.xctest */ = {isa = PBXFileReference; explicitFileType = wrapper.cfbundle; includeInIndex = 0; path = ForeSiteTests.xctest; sourceTree = BUILT_PRODUCTS_DIR; };
		042B8A6021BDAA1900E02F77 /* ForeSiteTests.swift */ = {isa = PBXFileReference; lastKnownFileType = sourcecode.swift; path = ForeSiteTests.swift; sourceTree = "<group>"; };
		042B8A6221BDAA1900E02F77 /* Info.plist */ = {isa = PBXFileReference; lastKnownFileType = text.plist.xml; path = Info.plist; sourceTree = "<group>"; };
		042B8A6721BDAA1900E02F77 /* ForeSiteUITests.xctest */ = {isa = PBXFileReference; explicitFileType = wrapper.cfbundle; includeInIndex = 0; path = ForeSiteUITests.xctest; sourceTree = BUILT_PRODUCTS_DIR; };
		042B8A6B21BDAA1900E02F77 /* ForeSiteUITests.swift */ = {isa = PBXFileReference; lastKnownFileType = sourcecode.swift; path = ForeSiteUITests.swift; sourceTree = "<group>"; };
		042B8A6D21BDAA1900E02F77 /* Info.plist */ = {isa = PBXFileReference; lastKnownFileType = text.plist.xml; path = Info.plist; sourceTree = "<group>"; };
		044534CA21D801FE008DC137 /* AWSCore.framework */ = {isa = PBXFileReference; explicitFileType = wrapper.framework; path = AWSCore.framework; sourceTree = BUILT_PRODUCTS_DIR; };
		044534CC21D8059D008DC137 /* AWSAppSync.framework */ = {isa = PBXFileReference; explicitFileType = wrapper.framework; path = AWSAppSync.framework; sourceTree = BUILT_PRODUCTS_DIR; };
		044534CE21D80643008DC137 /* AWSAuthCore.framework */ = {isa = PBXFileReference; explicitFileType = wrapper.framework; path = AWSAuthCore.framework; sourceTree = BUILT_PRODUCTS_DIR; };
		04728BE5220BB95C00067283 /* EventViewController.swift */ = {isa = PBXFileReference; lastKnownFileType = sourcecode.swift; path = EventViewController.swift; sourceTree = "<group>"; };
		049AAF2222593B6500F7759F /* AuthController.swift */ = {isa = PBXFileReference; lastKnownFileType = sourcecode.swift; path = AuthController.swift; sourceTree = "<group>"; };
		049AAF242259DBDA00F7759F /* GlobalData.swift */ = {isa = PBXFileReference; lastKnownFileType = sourcecode.swift; path = GlobalData.swift; sourceTree = "<group>"; };
		049AAF262259E30900F7759F /* Extensions.swift */ = {isa = PBXFileReference; lastKnownFileType = sourcecode.swift; path = Extensions.swift; sourceTree = "<group>"; };
		04C415B2223DF9D70015D754 /* Alamofire.framework */ = {isa = PBXFileReference; explicitFileType = wrapper.framework; path = Alamofire.framework; sourceTree = BUILT_PRODUCTS_DIR; };
		04C415B4223E00340015D754 /* NetworkClient.swift */ = {isa = PBXFileReference; lastKnownFileType = sourcecode.swift; path = NetworkClient.swift; sourceTree = "<group>"; };
		04CB85D521DC68A900549DED /* AWSAuthUI.framework */ = {isa = PBXFileReference; explicitFileType = wrapper.framework; path = AWSAuthUI.framework; sourceTree = BUILT_PRODUCTS_DIR; };
		04CB85D721DC68B500549DED /* AWSCognitoIdentityProvider.framework */ = {isa = PBXFileReference; explicitFileType = wrapper.framework; path = AWSCognitoIdentityProvider.framework; sourceTree = BUILT_PRODUCTS_DIR; };
		04CB85D921DC68B500549DED /* AWSCognitoIdentityProviderASF.framework */ = {isa = PBXFileReference; explicitFileType = wrapper.framework; path = AWSCognitoIdentityProviderASF.framework; sourceTree = BUILT_PRODUCTS_DIR; };
		04CB85DB21DC68B500549DED /* AWSMobileClient.framework */ = {isa = PBXFileReference; explicitFileType = wrapper.framework; path = AWSMobileClient.framework; sourceTree = BUILT_PRODUCTS_DIR; };
		04CB85DD21DC68B500549DED /* AWSUserPoolsSignIn.framework */ = {isa = PBXFileReference; explicitFileType = wrapper.framework; path = AWSUserPoolsSignIn.framework; sourceTree = BUILT_PRODUCTS_DIR; };
		04CB85DF21DC68B500549DED /* Pods_ForeSiteTests.framework */ = {isa = PBXFileReference; explicitFileType = wrapper.framework; path = Pods_ForeSiteTests.framework; sourceTree = BUILT_PRODUCTS_DIR; };
		04CB85E121DC68B500549DED /* Pods_ForeSiteUITests.framework */ = {isa = PBXFileReference; explicitFileType = wrapper.framework; path = Pods_ForeSiteUITests.framework; sourceTree = BUILT_PRODUCTS_DIR; };
		04CB85E321DC68B500549DED /* Reachability.framework */ = {isa = PBXFileReference; explicitFileType = wrapper.framework; path = Reachability.framework; sourceTree = BUILT_PRODUCTS_DIR; };
		04CB85E521DC68B500549DED /* SQLite.framework */ = {isa = PBXFileReference; explicitFileType = wrapper.framework; path = SQLite.framework; sourceTree = BUILT_PRODUCTS_DIR; };
		04CB85E721DC729100549DED /* awsconfiguration.json */ = {isa = PBXFileReference; fileEncoding = 4; lastKnownFileType = text.json; path = awsconfiguration.json; sourceTree = SOURCE_ROOT; };
		04CB85E921DC8AC900549DED /* Images.xcassets */ = {isa = PBXFileReference; lastKnownFileType = folder.assetcatalog; path = Images.xcassets; sourceTree = "<group>"; };
		04FA8E8821E6E0680082D89C /* UIButtonExtension.swift */ = {isa = PBXFileReference; lastKnownFileType = sourcecode.swift; path = UIButtonExtension.swift; sourceTree = "<group>"; };
		1D91F6A4B8289A616FFAA908 /* Pods-ForeSiteUITests.release.xcconfig */ = {isa = PBXFileReference; includeInIndex = 1; lastKnownFileType = text.xcconfig; name = "Pods-ForeSiteUITests.release.xcconfig"; path = "Pods/Target Support Files/Pods-ForeSiteUITests/Pods-ForeSiteUITests.release.xcconfig"; sourceTree = "<group>"; };
		21F070DA5BCAE6A5972F7ED4 /* Pods_ForeSite.framework */ = {isa = PBXFileReference; explicitFileType = wrapper.framework; includeInIndex = 0; path = Pods_ForeSite.framework; sourceTree = BUILT_PRODUCTS_DIR; };
		269E80291DA8F6A619C8B360 /* Pods-ForeSite.release.xcconfig */ = {isa = PBXFileReference; includeInIndex = 1; lastKnownFileType = text.xcconfig; name = "Pods-ForeSite.release.xcconfig"; path = "Pods/Target Support Files/Pods-ForeSite/Pods-ForeSite.release.xcconfig"; sourceTree = "<group>"; };
		44C507CA72AE4097036E0C32 /* Pods_ForeSiteUITests.framework */ = {isa = PBXFileReference; explicitFileType = wrapper.framework; includeInIndex = 0; path = Pods_ForeSiteUITests.framework; sourceTree = BUILT_PRODUCTS_DIR; };
		4A92DC2FC3E12C8727D95865 /* Pods_ForeSiteTests.framework */ = {isa = PBXFileReference; explicitFileType = wrapper.framework; includeInIndex = 0; path = Pods_ForeSiteTests.framework; sourceTree = BUILT_PRODUCTS_DIR; };
		899FAED4B7AE56B863202FE1 /* Pods-ForeSiteTests.release.xcconfig */ = {isa = PBXFileReference; includeInIndex = 1; lastKnownFileType = text.xcconfig; name = "Pods-ForeSiteTests.release.xcconfig"; path = "Pods/Target Support Files/Pods-ForeSiteTests/Pods-ForeSiteTests.release.xcconfig"; sourceTree = "<group>"; };
		8B65E5C0486C3E6CD930F06F /* Pods-ForeSiteUITests.debug.xcconfig */ = {isa = PBXFileReference; includeInIndex = 1; lastKnownFileType = text.xcconfig; name = "Pods-ForeSiteUITests.debug.xcconfig"; path = "Pods/Target Support Files/Pods-ForeSiteUITests/Pods-ForeSiteUITests.debug.xcconfig"; sourceTree = "<group>"; };
		BCD999409A75102F56330EDC /* Pods-ForeSiteTests.debug.xcconfig */ = {isa = PBXFileReference; includeInIndex = 1; lastKnownFileType = text.xcconfig; name = "Pods-ForeSiteTests.debug.xcconfig"; path = "Pods/Target Support Files/Pods-ForeSiteTests/Pods-ForeSiteTests.debug.xcconfig"; sourceTree = "<group>"; };
/* End PBXFileReference section */

/* Begin PBXFrameworksBuildPhase section */
		042B8A4221BDAA1800E02F77 /* Frameworks */ = {
			isa = PBXFrameworksBuildPhase;
			buildActionMask = 2147483647;
			files = (
				04C415B3223DF9D70015D754 /* Alamofire.framework in Frameworks */,
				04CB85D821DC68B500549DED /* AWSCognitoIdentityProvider.framework in Frameworks */,
				04CB85DA21DC68B500549DED /* AWSCognitoIdentityProviderASF.framework in Frameworks */,
				04CB85DC21DC68B500549DED /* AWSMobileClient.framework in Frameworks */,
				04CB85DE21DC68B500549DED /* AWSUserPoolsSignIn.framework in Frameworks */,
				04CB85E021DC68B500549DED /* Pods_ForeSiteTests.framework in Frameworks */,
				04CB85E221DC68B500549DED /* Pods_ForeSiteUITests.framework in Frameworks */,
				04CB85E421DC68B500549DED /* Reachability.framework in Frameworks */,
				04CB85E621DC68B500549DED /* SQLite.framework in Frameworks */,
				04CB85D621DC68A900549DED /* AWSAuthUI.framework in Frameworks */,
				044534CF21D80643008DC137 /* AWSAuthCore.framework in Frameworks */,
				044534CD21D8059D008DC137 /* AWSAppSync.framework in Frameworks */,
				044534CB21D801FE008DC137 /* AWSCore.framework in Frameworks */,
				2F91507FA728CFC98EA60D6E /* Pods_ForeSite.framework in Frameworks */,
			);
			runOnlyForDeploymentPostprocessing = 0;
		};
		042B8A5921BDAA1900E02F77 /* Frameworks */ = {
			isa = PBXFrameworksBuildPhase;
			buildActionMask = 2147483647;
			files = (
				87F4491F7818A87CA680B85B /* Pods_ForeSiteTests.framework in Frameworks */,
				672799BE7427DB9EC46C9E7C /* Pods_ForeSiteTests.framework in Frameworks */,
			);
			runOnlyForDeploymentPostprocessing = 0;
		};
		042B8A6421BDAA1900E02F77 /* Frameworks */ = {
			isa = PBXFrameworksBuildPhase;
			buildActionMask = 2147483647;
			files = (
				EF9B2E11CAF46A8DA38818C7 /* Pods_ForeSiteUITests.framework in Frameworks */,
				0E23D205E7001C00D699EAAF /* Pods_ForeSiteUITests.framework in Frameworks */,
			);
			runOnlyForDeploymentPostprocessing = 0;
		};
/* End PBXFrameworksBuildPhase section */

/* Begin PBXGroup section */
		042B8A3C21BDAA1800E02F77 = {
			isa = PBXGroup;
			children = (
				042B8A4721BDAA1800E02F77 /* ForeSite */,
				042B8A5F21BDAA1900E02F77 /* ForeSiteTests */,
				042B8A6A21BDAA1900E02F77 /* ForeSiteUITests */,
				042B8A4621BDAA1800E02F77 /* Products */,
				769CA7FCD6AB1E0B3DE4D3CD /* Pods */,
				5619726DED16F8CF3A4DAF94 /* Frameworks */,
			);
			sourceTree = "<group>";
		};
		042B8A4621BDAA1800E02F77 /* Products */ = {
			isa = PBXGroup;
			children = (
				042B8A4521BDAA1800E02F77 /* ForeSite.app */,
				042B8A5C21BDAA1900E02F77 /* ForeSiteTests.xctest */,
				042B8A6721BDAA1900E02F77 /* ForeSiteUITests.xctest */,
			);
			name = Products;
			sourceTree = "<group>";
		};
		042B8A4721BDAA1800E02F77 /* ForeSite */ = {
			isa = PBXGroup;
			children = (
				04CB85E721DC729100549DED /* awsconfiguration.json */,
				042B8A4821BDAA1800E02F77 /* AppDelegate.swift */,
				042B8A4A21BDAA1800E02F77 /* ViewController.swift */,
				042B8A4C21BDAA1800E02F77 /* Main.storyboard */,
				042B8A5221BDAA1900E02F77 /* Assets.xcassets */,
				042B8A5421BDAA1900E02F77 /* LaunchScreen.storyboard */,
				042B8A5721BDAA1900E02F77 /* Info.plist */,
				042B8A4F21BDAA1800E02F77 /* ForeSite.xcdatamodeld */,
				04CB85E921DC8AC900549DED /* Images.xcassets */,
				04FA8E8821E6E0680082D89C /* UIButtonExtension.swift */,
				0428F86B220040A3001D75E7 /* CellData.swift */,
				04728BE5220BB95C00067283 /* EventViewController.swift */,
				04C415B4223E00340015D754 /* NetworkClient.swift */,
				049AAF2222593B6500F7759F /* AuthController.swift */,
				049AAF242259DBDA00F7759F /* GlobalData.swift */,
				049AAF262259E30900F7759F /* Extensions.swift */,
			);
			path = ForeSite;
			sourceTree = "<group>";
		};
		042B8A5F21BDAA1900E02F77 /* ForeSiteTests */ = {
			isa = PBXGroup;
			children = (
				042B8A6021BDAA1900E02F77 /* ForeSiteTests.swift */,
				042B8A6221BDAA1900E02F77 /* Info.plist */,
			);
			path = ForeSiteTests;
			sourceTree = "<group>";
		};
		042B8A6A21BDAA1900E02F77 /* ForeSiteUITests */ = {
			isa = PBXGroup;
			children = (
				042B8A6B21BDAA1900E02F77 /* ForeSiteUITests.swift */,
				042B8A6D21BDAA1900E02F77 /* Info.plist */,
			);
			path = ForeSiteUITests;
			sourceTree = "<group>";
		};
		5619726DED16F8CF3A4DAF94 /* Frameworks */ = {
			isa = PBXGroup;
			children = (
				04C415B2223DF9D70015D754 /* Alamofire.framework */,
				04CB85D721DC68B500549DED /* AWSCognitoIdentityProvider.framework */,
				04CB85D921DC68B500549DED /* AWSCognitoIdentityProviderASF.framework */,
				04CB85DB21DC68B500549DED /* AWSMobileClient.framework */,
				04CB85DD21DC68B500549DED /* AWSUserPoolsSignIn.framework */,
				04CB85DF21DC68B500549DED /* Pods_ForeSiteTests.framework */,
				04CB85E121DC68B500549DED /* Pods_ForeSiteUITests.framework */,
				04CB85E321DC68B500549DED /* Reachability.framework */,
				04CB85E521DC68B500549DED /* SQLite.framework */,
				04CB85D521DC68A900549DED /* AWSAuthUI.framework */,
				044534CE21D80643008DC137 /* AWSAuthCore.framework */,
				044534CC21D8059D008DC137 /* AWSAppSync.framework */,
				044534CA21D801FE008DC137 /* AWSCore.framework */,
				21F070DA5BCAE6A5972F7ED4 /* Pods_ForeSite.framework */,
				4A92DC2FC3E12C8727D95865 /* Pods_ForeSiteTests.framework */,
				44C507CA72AE4097036E0C32 /* Pods_ForeSiteUITests.framework */,
			);
			name = Frameworks;
			sourceTree = "<group>";
		};
		769CA7FCD6AB1E0B3DE4D3CD /* Pods */ = {
			isa = PBXGroup;
			children = (
				035A34D632A78D837C27543E /* Pods-ForeSite.debug.xcconfig */,
				269E80291DA8F6A619C8B360 /* Pods-ForeSite.release.xcconfig */,
				BCD999409A75102F56330EDC /* Pods-ForeSiteTests.debug.xcconfig */,
				899FAED4B7AE56B863202FE1 /* Pods-ForeSiteTests.release.xcconfig */,
				8B65E5C0486C3E6CD930F06F /* Pods-ForeSiteUITests.debug.xcconfig */,
				1D91F6A4B8289A616FFAA908 /* Pods-ForeSiteUITests.release.xcconfig */,
			);
			name = Pods;
			sourceTree = "<group>";
		};
/* End PBXGroup section */

/* Begin PBXNativeTarget section */
		042B8A4421BDAA1800E02F77 /* ForeSite */ = {
			isa = PBXNativeTarget;
			buildConfigurationList = 042B8A7021BDAA1900E02F77 /* Build configuration list for PBXNativeTarget "ForeSite" */;
			buildPhases = (
				3B6D5DEBD8286375E89071B1 /* [CP] Check Pods Manifest.lock */,
				042B8A4121BDAA1800E02F77 /* Sources */,
				042B8A4221BDAA1800E02F77 /* Frameworks */,
				042B8A4321BDAA1800E02F77 /* Resources */,
				32C19144240DEE077356B086 /* [CP] Embed Pods Frameworks */,
			);
			buildRules = (
			);
			dependencies = (
			);
			name = ForeSite;
			productName = ForeSite;
			productReference = 042B8A4521BDAA1800E02F77 /* ForeSite.app */;
			productType = "com.apple.product-type.application";
		};
		042B8A5B21BDAA1900E02F77 /* ForeSiteTests */ = {
			isa = PBXNativeTarget;
			buildConfigurationList = 042B8A7321BDAA1900E02F77 /* Build configuration list for PBXNativeTarget "ForeSiteTests" */;
			buildPhases = (
				B2E6C166B1C393B3F2F72D2A /* [CP] Check Pods Manifest.lock */,
				042B8A5821BDAA1900E02F77 /* Sources */,
				042B8A5921BDAA1900E02F77 /* Frameworks */,
				042B8A5A21BDAA1900E02F77 /* Resources */,
			);
			buildRules = (
			);
			dependencies = (
				042B8A5E21BDAA1900E02F77 /* PBXTargetDependency */,
			);
			name = ForeSiteTests;
			productName = ForeSiteTests;
			productReference = 042B8A5C21BDAA1900E02F77 /* ForeSiteTests.xctest */;
			productType = "com.apple.product-type.bundle.unit-test";
		};
		042B8A6621BDAA1900E02F77 /* ForeSiteUITests */ = {
			isa = PBXNativeTarget;
			buildConfigurationList = 042B8A7621BDAA1900E02F77 /* Build configuration list for PBXNativeTarget "ForeSiteUITests" */;
			buildPhases = (
				60156DE876EE8A7FABC9892D /* [CP] Check Pods Manifest.lock */,
				042B8A6321BDAA1900E02F77 /* Sources */,
				042B8A6421BDAA1900E02F77 /* Frameworks */,
				042B8A6521BDAA1900E02F77 /* Resources */,
			);
			buildRules = (
			);
			dependencies = (
				042B8A6921BDAA1900E02F77 /* PBXTargetDependency */,
			);
			name = ForeSiteUITests;
			productName = ForeSiteUITests;
			productReference = 042B8A6721BDAA1900E02F77 /* ForeSiteUITests.xctest */;
			productType = "com.apple.product-type.bundle.ui-testing";
		};
/* End PBXNativeTarget section */

/* Begin PBXProject section */
		042B8A3D21BDAA1800E02F77 /* Project object */ = {
			isa = PBXProject;
			attributes = {
				LastSwiftUpdateCheck = 1010;
				LastUpgradeCheck = 1010;
				ORGANIZATIONNAME = Bhargava;
				TargetAttributes = {
					042B8A4421BDAA1800E02F77 = {
						CreatedOnToolsVersion = 10.1;
					};
					042B8A5B21BDAA1900E02F77 = {
						CreatedOnToolsVersion = 10.1;
						TestTargetID = 042B8A4421BDAA1800E02F77;
					};
					042B8A6621BDAA1900E02F77 = {
						CreatedOnToolsVersion = 10.1;
						TestTargetID = 042B8A4421BDAA1800E02F77;
					};
				};
			};
			buildConfigurationList = 042B8A4021BDAA1800E02F77 /* Build configuration list for PBXProject "ForeSite" */;
			compatibilityVersion = "Xcode 9.3";
			developmentRegion = en;
			hasScannedForEncodings = 0;
			knownRegions = (
				en,
				Base,
			);
			mainGroup = 042B8A3C21BDAA1800E02F77;
			productRefGroup = 042B8A4621BDAA1800E02F77 /* Products */;
			projectDirPath = "";
			projectRoot = "";
			targets = (
				042B8A4421BDAA1800E02F77 /* ForeSite */,
				042B8A5B21BDAA1900E02F77 /* ForeSiteTests */,
				042B8A6621BDAA1900E02F77 /* ForeSiteUITests */,
			);
		};
/* End PBXProject section */

/* Begin PBXResourcesBuildPhase section */
		042B8A4321BDAA1800E02F77 /* Resources */ = {
			isa = PBXResourcesBuildPhase;
			buildActionMask = 2147483647;
			files = (
				04CB85E821DC729100549DED /* awsconfiguration.json in Resources */,
				04CB85EA21DC8AC900549DED /* Images.xcassets in Resources */,
				042B8A5621BDAA1900E02F77 /* LaunchScreen.storyboard in Resources */,
				042B8A5321BDAA1900E02F77 /* Assets.xcassets in Resources */,
				042B8A4E21BDAA1800E02F77 /* Main.storyboard in Resources */,
			);
			runOnlyForDeploymentPostprocessing = 0;
		};
		042B8A5A21BDAA1900E02F77 /* Resources */ = {
			isa = PBXResourcesBuildPhase;
			buildActionMask = 2147483647;
			files = (
			);
			runOnlyForDeploymentPostprocessing = 0;
		};
		042B8A6521BDAA1900E02F77 /* Resources */ = {
			isa = PBXResourcesBuildPhase;
			buildActionMask = 2147483647;
			files = (
			);
			runOnlyForDeploymentPostprocessing = 0;
		};
/* End PBXResourcesBuildPhase section */

/* Begin PBXShellScriptBuildPhase section */
		32C19144240DEE077356B086 /* [CP] Embed Pods Frameworks */ = {
			isa = PBXShellScriptBuildPhase;
			buildActionMask = 2147483647;
			files = (
			);
			inputFileListPaths = (
			);
			inputPaths = (
				"${SRCROOT}/Pods/Target Support Files/Pods-ForeSite/Pods-ForeSite-frameworks.sh",
				"${BUILT_PRODUCTS_DIR}/AWSAppSync/AWSAppSync.framework",
				"${BUILT_PRODUCTS_DIR}/AWSAuthCore/AWSAuthCore.framework",
				"${BUILT_PRODUCTS_DIR}/AWSAuthUI/AWSAuthUI.framework",
				"${BUILT_PRODUCTS_DIR}/AWSCognitoIdentityProvider/AWSCognitoIdentityProvider.framework",
				"${BUILT_PRODUCTS_DIR}/AWSCognitoIdentityProviderASF/AWSCognitoIdentityProviderASF.framework",
				"${BUILT_PRODUCTS_DIR}/AWSCore/AWSCore.framework",
				"${BUILT_PRODUCTS_DIR}/AWSMobileClient/AWSMobileClient.framework",
				"${BUILT_PRODUCTS_DIR}/AWSUserPoolsSignIn/AWSUserPoolsSignIn.framework",
				"${BUILT_PRODUCTS_DIR}/Alamofire/Alamofire.framework",
				"${BUILT_PRODUCTS_DIR}/ReachabilitySwift/Reachability.framework",
				"${BUILT_PRODUCTS_DIR}/SQLite.swift/SQLite.framework",
				"${BUILT_PRODUCTS_DIR}/Stripe/Stripe.framework",
				"${BUILT_PRODUCTS_DIR}/SwiftyJSON/SwiftyJSON.framework",
				"${BUILT_PRODUCTS_DIR}/TextFieldEffects/TextFieldEffects.framework",
			);
			name = "[CP] Embed Pods Frameworks";
			outputFileListPaths = (
			);
			outputPaths = (
				"${TARGET_BUILD_DIR}/${FRAMEWORKS_FOLDER_PATH}/AWSAppSync.framework",
				"${TARGET_BUILD_DIR}/${FRAMEWORKS_FOLDER_PATH}/AWSAuthCore.framework",
				"${TARGET_BUILD_DIR}/${FRAMEWORKS_FOLDER_PATH}/AWSAuthUI.framework",
				"${TARGET_BUILD_DIR}/${FRAMEWORKS_FOLDER_PATH}/AWSCognitoIdentityProvider.framework",
				"${TARGET_BUILD_DIR}/${FRAMEWORKS_FOLDER_PATH}/AWSCognitoIdentityProviderASF.framework",
				"${TARGET_BUILD_DIR}/${FRAMEWORKS_FOLDER_PATH}/AWSCore.framework",
				"${TARGET_BUILD_DIR}/${FRAMEWORKS_FOLDER_PATH}/AWSMobileClient.framework",
				"${TARGET_BUILD_DIR}/${FRAMEWORKS_FOLDER_PATH}/AWSUserPoolsSignIn.framework",
				"${TARGET_BUILD_DIR}/${FRAMEWORKS_FOLDER_PATH}/Alamofire.framework",
				"${TARGET_BUILD_DIR}/${FRAMEWORKS_FOLDER_PATH}/Reachability.framework",
				"${TARGET_BUILD_DIR}/${FRAMEWORKS_FOLDER_PATH}/SQLite.framework",
				"${TARGET_BUILD_DIR}/${FRAMEWORKS_FOLDER_PATH}/Stripe.framework",
				"${TARGET_BUILD_DIR}/${FRAMEWORKS_FOLDER_PATH}/SwiftyJSON.framework",
				"${TARGET_BUILD_DIR}/${FRAMEWORKS_FOLDER_PATH}/TextFieldEffects.framework",
			);
			runOnlyForDeploymentPostprocessing = 0;
			shellPath = /bin/sh;
			shellScript = "\"${SRCROOT}/Pods/Target Support Files/Pods-ForeSite/Pods-ForeSite-frameworks.sh\"\n";
			showEnvVarsInLog = 0;
		};
		3B6D5DEBD8286375E89071B1 /* [CP] Check Pods Manifest.lock */ = {
			isa = PBXShellScriptBuildPhase;
			buildActionMask = 2147483647;
			files = (
			);
			inputFileListPaths = (
			);
			inputPaths = (
				"${PODS_PODFILE_DIR_PATH}/Podfile.lock",
				"${PODS_ROOT}/Manifest.lock",
			);
			name = "[CP] Check Pods Manifest.lock";
			outputFileListPaths = (
			);
			outputPaths = (
				"$(DERIVED_FILE_DIR)/Pods-ForeSite-checkManifestLockResult.txt",
			);
			runOnlyForDeploymentPostprocessing = 0;
			shellPath = /bin/sh;
			shellScript = "diff \"${PODS_PODFILE_DIR_PATH}/Podfile.lock\" \"${PODS_ROOT}/Manifest.lock\" > /dev/null\nif [ $? != 0 ] ; then\n    # print error to STDERR\n    echo \"error: The sandbox is not in sync with the Podfile.lock. Run 'pod install' or update your CocoaPods installation.\" >&2\n    exit 1\nfi\n# This output is used by Xcode 'outputs' to avoid re-running this script phase.\necho \"SUCCESS\" > \"${SCRIPT_OUTPUT_FILE_0}\"\n";
			showEnvVarsInLog = 0;
		};
		60156DE876EE8A7FABC9892D /* [CP] Check Pods Manifest.lock */ = {
			isa = PBXShellScriptBuildPhase;
			buildActionMask = 2147483647;
			files = (
			);
			inputFileListPaths = (
			);
			inputPaths = (
				"${PODS_PODFILE_DIR_PATH}/Podfile.lock",
				"${PODS_ROOT}/Manifest.lock",
			);
			name = "[CP] Check Pods Manifest.lock";
			outputFileListPaths = (
			);
			outputPaths = (
				"$(DERIVED_FILE_DIR)/Pods-ForeSiteUITests-checkManifestLockResult.txt",
			);
			runOnlyForDeploymentPostprocessing = 0;
			shellPath = /bin/sh;
			shellScript = "diff \"${PODS_PODFILE_DIR_PATH}/Podfile.lock\" \"${PODS_ROOT}/Manifest.lock\" > /dev/null\nif [ $? != 0 ] ; then\n    # print error to STDERR\n    echo \"error: The sandbox is not in sync with the Podfile.lock. Run 'pod install' or update your CocoaPods installation.\" >&2\n    exit 1\nfi\n# This output is used by Xcode 'outputs' to avoid re-running this script phase.\necho \"SUCCESS\" > \"${SCRIPT_OUTPUT_FILE_0}\"\n";
			showEnvVarsInLog = 0;
		};
		B2E6C166B1C393B3F2F72D2A /* [CP] Check Pods Manifest.lock */ = {
			isa = PBXShellScriptBuildPhase;
			buildActionMask = 2147483647;
			files = (
			);
			inputFileListPaths = (
			);
			inputPaths = (
				"${PODS_PODFILE_DIR_PATH}/Podfile.lock",
				"${PODS_ROOT}/Manifest.lock",
			);
			name = "[CP] Check Pods Manifest.lock";
			outputFileListPaths = (
			);
			outputPaths = (
				"$(DERIVED_FILE_DIR)/Pods-ForeSiteTests-checkManifestLockResult.txt",
			);
			runOnlyForDeploymentPostprocessing = 0;
			shellPath = /bin/sh;
			shellScript = "diff \"${PODS_PODFILE_DIR_PATH}/Podfile.lock\" \"${PODS_ROOT}/Manifest.lock\" > /dev/null\nif [ $? != 0 ] ; then\n    # print error to STDERR\n    echo \"error: The sandbox is not in sync with the Podfile.lock. Run 'pod install' or update your CocoaPods installation.\" >&2\n    exit 1\nfi\n# This output is used by Xcode 'outputs' to avoid re-running this script phase.\necho \"SUCCESS\" > \"${SCRIPT_OUTPUT_FILE_0}\"\n";
			showEnvVarsInLog = 0;
		};
/* End PBXShellScriptBuildPhase section */

/* Begin PBXSourcesBuildPhase section */
		042B8A4121BDAA1800E02F77 /* Sources */ = {
			isa = PBXSourcesBuildPhase;
			buildActionMask = 2147483647;
			files = (
				042B8A5121BDAA1800E02F77 /* ForeSite.xcdatamodeld in Sources */,
				04FA8E8921E6E0680082D89C /* UIButtonExtension.swift in Sources */,
				042B8A4B21BDAA1800E02F77 /* ViewController.swift in Sources */,
				0428F86C220040A3001D75E7 /* CellData.swift in Sources */,
				04C415B5223E00340015D754 /* NetworkClient.swift in Sources */,
				049AAF272259E30900F7759F /* Extensions.swift in Sources */,
				049AAF2322593B6500F7759F /* AuthController.swift in Sources */,
				049AAF252259DBDA00F7759F /* GlobalData.swift in Sources */,
				042B8A4921BDAA1800E02F77 /* AppDelegate.swift in Sources */,
				04728BE6220BB95C00067283 /* EventViewController.swift in Sources */,
			);
			runOnlyForDeploymentPostprocessing = 0;
		};
		042B8A5821BDAA1900E02F77 /* Sources */ = {
			isa = PBXSourcesBuildPhase;
			buildActionMask = 2147483647;
			files = (
				044534C921D7FFBD008DC137 /* AppDelegate.swift in Sources */,
				042B8A6121BDAA1900E02F77 /* ForeSiteTests.swift in Sources */,
			);
			runOnlyForDeploymentPostprocessing = 0;
		};
		042B8A6321BDAA1900E02F77 /* Sources */ = {
			isa = PBXSourcesBuildPhase;
			buildActionMask = 2147483647;
			files = (
				042B8A6C21BDAA1900E02F77 /* ForeSiteUITests.swift in Sources */,
			);
			runOnlyForDeploymentPostprocessing = 0;
		};
/* End PBXSourcesBuildPhase section */

/* Begin PBXTargetDependency section */
		042B8A5E21BDAA1900E02F77 /* PBXTargetDependency */ = {
			isa = PBXTargetDependency;
			target = 042B8A4421BDAA1800E02F77 /* ForeSite */;
			targetProxy = 042B8A5D21BDAA1900E02F77 /* PBXContainerItemProxy */;
		};
		042B8A6921BDAA1900E02F77 /* PBXTargetDependency */ = {
			isa = PBXTargetDependency;
			target = 042B8A4421BDAA1800E02F77 /* ForeSite */;
			targetProxy = 042B8A6821BDAA1900E02F77 /* PBXContainerItemProxy */;
		};
/* End PBXTargetDependency section */

/* Begin PBXVariantGroup section */
		042B8A4C21BDAA1800E02F77 /* Main.storyboard */ = {
			isa = PBXVariantGroup;
			children = (
				042B8A4D21BDAA1800E02F77 /* Base */,
			);
			name = Main.storyboard;
			sourceTree = "<group>";
		};
		042B8A5421BDAA1900E02F77 /* LaunchScreen.storyboard */ = {
			isa = PBXVariantGroup;
			children = (
				042B8A5521BDAA1900E02F77 /* Base */,
			);
			name = LaunchScreen.storyboard;
			sourceTree = "<group>";
		};
/* End PBXVariantGroup section */

/* Begin XCBuildConfiguration section */
		042B8A6E21BDAA1900E02F77 /* Debug */ = {
			isa = XCBuildConfiguration;
			buildSettings = {
				ALWAYS_SEARCH_USER_PATHS = NO;
				CLANG_ANALYZER_NONNULL = YES;
				CLANG_ANALYZER_NUMBER_OBJECT_CONVERSION = YES_AGGRESSIVE;
				CLANG_CXX_LANGUAGE_STANDARD = "gnu++14";
				CLANG_CXX_LIBRARY = "libc++";
				CLANG_ENABLE_MODULES = YES;
				CLANG_ENABLE_OBJC_ARC = YES;
				CLANG_ENABLE_OBJC_WEAK = YES;
				CLANG_WARN_BLOCK_CAPTURE_AUTORELEASING = YES;
				CLANG_WARN_BOOL_CONVERSION = YES;
				CLANG_WARN_COMMA = YES;
				CLANG_WARN_CONSTANT_CONVERSION = YES;
				CLANG_WARN_DEPRECATED_OBJC_IMPLEMENTATIONS = YES;
				CLANG_WARN_DIRECT_OBJC_ISA_USAGE = YES_ERROR;
				CLANG_WARN_DOCUMENTATION_COMMENTS = YES;
				CLANG_WARN_EMPTY_BODY = YES;
				CLANG_WARN_ENUM_CONVERSION = YES;
				CLANG_WARN_INFINITE_RECURSION = YES;
				CLANG_WARN_INT_CONVERSION = YES;
				CLANG_WARN_NON_LITERAL_NULL_CONVERSION = YES;
				CLANG_WARN_OBJC_IMPLICIT_RETAIN_SELF = YES;
				CLANG_WARN_OBJC_LITERAL_CONVERSION = YES;
				CLANG_WARN_OBJC_ROOT_CLASS = YES_ERROR;
				CLANG_WARN_RANGE_LOOP_ANALYSIS = YES;
				CLANG_WARN_STRICT_PROTOTYPES = YES;
				CLANG_WARN_SUSPICIOUS_MOVE = YES;
				CLANG_WARN_UNGUARDED_AVAILABILITY = YES_AGGRESSIVE;
				CLANG_WARN_UNREACHABLE_CODE = YES;
				CLANG_WARN__DUPLICATE_METHOD_MATCH = YES;
				CODE_SIGN_IDENTITY = "iPhone Developer";
				COPY_PHASE_STRIP = NO;
				DEBUG_INFORMATION_FORMAT = dwarf;
				ENABLE_STRICT_OBJC_MSGSEND = YES;
				ENABLE_TESTABILITY = YES;
				GCC_C_LANGUAGE_STANDARD = gnu11;
				GCC_DYNAMIC_NO_PIC = NO;
				GCC_NO_COMMON_BLOCKS = YES;
				GCC_OPTIMIZATION_LEVEL = 0;
				GCC_PREPROCESSOR_DEFINITIONS = (
					"DEBUG=1",
					"$(inherited)",
				);
				GCC_WARN_64_TO_32_BIT_CONVERSION = YES;
				GCC_WARN_ABOUT_RETURN_TYPE = YES_ERROR;
				GCC_WARN_UNDECLARED_SELECTOR = YES;
				GCC_WARN_UNINITIALIZED_AUTOS = YES_AGGRESSIVE;
				GCC_WARN_UNUSED_FUNCTION = YES;
				GCC_WARN_UNUSED_VARIABLE = YES;
				IPHONEOS_DEPLOYMENT_TARGET = 12.1;
				MTL_ENABLE_DEBUG_INFO = INCLUDE_SOURCE;
				MTL_FAST_MATH = YES;
				ONLY_ACTIVE_ARCH = YES;
				SDKROOT = iphoneos;
				SWIFT_ACTIVE_COMPILATION_CONDITIONS = DEBUG;
				SWIFT_OPTIMIZATION_LEVEL = "-Onone";
			};
			name = Debug;
		};
		042B8A6F21BDAA1900E02F77 /* Release */ = {
			isa = XCBuildConfiguration;
			buildSettings = {
				ALWAYS_SEARCH_USER_PATHS = NO;
				CLANG_ANALYZER_NONNULL = YES;
				CLANG_ANALYZER_NUMBER_OBJECT_CONVERSION = YES_AGGRESSIVE;
				CLANG_CXX_LANGUAGE_STANDARD = "gnu++14";
				CLANG_CXX_LIBRARY = "libc++";
				CLANG_ENABLE_MODULES = YES;
				CLANG_ENABLE_OBJC_ARC = YES;
				CLANG_ENABLE_OBJC_WEAK = YES;
				CLANG_WARN_BLOCK_CAPTURE_AUTORELEASING = YES;
				CLANG_WARN_BOOL_CONVERSION = YES;
				CLANG_WARN_COMMA = YES;
				CLANG_WARN_CONSTANT_CONVERSION = YES;
				CLANG_WARN_DEPRECATED_OBJC_IMPLEMENTATIONS = YES;
				CLANG_WARN_DIRECT_OBJC_ISA_USAGE = YES_ERROR;
				CLANG_WARN_DOCUMENTATION_COMMENTS = YES;
				CLANG_WARN_EMPTY_BODY = YES;
				CLANG_WARN_ENUM_CONVERSION = YES;
				CLANG_WARN_INFINITE_RECURSION = YES;
				CLANG_WARN_INT_CONVERSION = YES;
				CLANG_WARN_NON_LITERAL_NULL_CONVERSION = YES;
				CLANG_WARN_OBJC_IMPLICIT_RETAIN_SELF = YES;
				CLANG_WARN_OBJC_LITERAL_CONVERSION = YES;
				CLANG_WARN_OBJC_ROOT_CLASS = YES_ERROR;
				CLANG_WARN_RANGE_LOOP_ANALYSIS = YES;
				CLANG_WARN_STRICT_PROTOTYPES = YES;
				CLANG_WARN_SUSPICIOUS_MOVE = YES;
				CLANG_WARN_UNGUARDED_AVAILABILITY = YES_AGGRESSIVE;
				CLANG_WARN_UNREACHABLE_CODE = YES;
				CLANG_WARN__DUPLICATE_METHOD_MATCH = YES;
				CODE_SIGN_IDENTITY = "iPhone Developer";
				COPY_PHASE_STRIP = NO;
				DEBUG_INFORMATION_FORMAT = "dwarf-with-dsym";
				ENABLE_NS_ASSERTIONS = NO;
				ENABLE_STRICT_OBJC_MSGSEND = YES;
				GCC_C_LANGUAGE_STANDARD = gnu11;
				GCC_NO_COMMON_BLOCKS = YES;
				GCC_WARN_64_TO_32_BIT_CONVERSION = YES;
				GCC_WARN_ABOUT_RETURN_TYPE = YES_ERROR;
				GCC_WARN_UNDECLARED_SELECTOR = YES;
				GCC_WARN_UNINITIALIZED_AUTOS = YES_AGGRESSIVE;
				GCC_WARN_UNUSED_FUNCTION = YES;
				GCC_WARN_UNUSED_VARIABLE = YES;
				IPHONEOS_DEPLOYMENT_TARGET = 12.1;
				MTL_ENABLE_DEBUG_INFO = NO;
				MTL_FAST_MATH = YES;
				SDKROOT = iphoneos;
				SWIFT_COMPILATION_MODE = wholemodule;
				SWIFT_OPTIMIZATION_LEVEL = "-O";
				VALIDATE_PRODUCT = YES;
			};
			name = Release;
		};
		042B8A7121BDAA1900E02F77 /* Debug */ = {
			isa = XCBuildConfiguration;
			baseConfigurationReference = 035A34D632A78D837C27543E /* Pods-ForeSite.debug.xcconfig */;
			buildSettings = {
				ASSETCATALOG_COMPILER_APPICON_NAME = AppIcon;
				CODE_SIGN_STYLE = Automatic;
				DEVELOPMENT_TEAM = ZMJSH6SW43;
				INFOPLIST_FILE = ForeSite/Info.plist;
				LD_RUNPATH_SEARCH_PATHS = (
					"$(inherited)",
					"@executable_path/Frameworks",
				);
				PRODUCT_BUNDLE_IDENTIFIER = com.bhargava.ForeSite;
				PRODUCT_NAME = "$(TARGET_NAME)";
				SWIFT_VERSION = 4.2;
				TARGETED_DEVICE_FAMILY = "1,2";
			};
			name = Debug;
		};
		042B8A7221BDAA1900E02F77 /* Release */ = {
			isa = XCBuildConfiguration;
			baseConfigurationReference = 269E80291DA8F6A619C8B360 /* Pods-ForeSite.release.xcconfig */;
			buildSettings = {
				ASSETCATALOG_COMPILER_APPICON_NAME = AppIcon;
				CODE_SIGN_STYLE = Automatic;
				DEVELOPMENT_TEAM = ZMJSH6SW43;
				INFOPLIST_FILE = ForeSite/Info.plist;
				LD_RUNPATH_SEARCH_PATHS = (
					"$(inherited)",
					"@executable_path/Frameworks",
				);
				PRODUCT_BUNDLE_IDENTIFIER = com.bhargava.ForeSite;
				PRODUCT_NAME = "$(TARGET_NAME)";
				SWIFT_VERSION = 4.2;
				TARGETED_DEVICE_FAMILY = "1,2";
			};
			name = Release;
		};
		042B8A7421BDAA1900E02F77 /* Debug */ = {
			isa = XCBuildConfiguration;
			baseConfigurationReference = BCD999409A75102F56330EDC /* Pods-ForeSiteTests.debug.xcconfig */;
			buildSettings = {
				ALWAYS_EMBED_SWIFT_STANDARD_LIBRARIES = YES;
				BUNDLE_LOADER = "$(TEST_HOST)";
				CODE_SIGN_STYLE = Automatic;
				INFOPLIST_FILE = ForeSiteTests/Info.plist;
				LD_RUNPATH_SEARCH_PATHS = (
					"$(inherited)",
					"@executable_path/Frameworks",
					"@loader_path/Frameworks",
				);
				PRODUCT_BUNDLE_IDENTIFIER = com.bhargava.ForeSiteTests;
				PRODUCT_NAME = "$(TARGET_NAME)";
				SWIFT_VERSION = 4.2;
				TARGETED_DEVICE_FAMILY = "1,2";
				TEST_HOST = "$(BUILT_PRODUCTS_DIR)/ForeSite.app/ForeSite";
			};
			name = Debug;
		};
		042B8A7521BDAA1900E02F77 /* Release */ = {
			isa = XCBuildConfiguration;
			baseConfigurationReference = 899FAED4B7AE56B863202FE1 /* Pods-ForeSiteTests.release.xcconfig */;
			buildSettings = {
				ALWAYS_EMBED_SWIFT_STANDARD_LIBRARIES = YES;
				BUNDLE_LOADER = "$(TEST_HOST)";
				CODE_SIGN_STYLE = Automatic;
				INFOPLIST_FILE = ForeSiteTests/Info.plist;
				LD_RUNPATH_SEARCH_PATHS = (
					"$(inherited)",
					"@executable_path/Frameworks",
					"@loader_path/Frameworks",
				);
				PRODUCT_BUNDLE_IDENTIFIER = com.bhargava.ForeSiteTests;
				PRODUCT_NAME = "$(TARGET_NAME)";
				SWIFT_VERSION = 4.2;
				TARGETED_DEVICE_FAMILY = "1,2";
				TEST_HOST = "$(BUILT_PRODUCTS_DIR)/ForeSite.app/ForeSite";
			};
			name = Release;
		};
		042B8A7721BDAA1900E02F77 /* Debug */ = {
			isa = XCBuildConfiguration;
			baseConfigurationReference = 8B65E5C0486C3E6CD930F06F /* Pods-ForeSiteUITests.debug.xcconfig */;
			buildSettings = {
				ALWAYS_EMBED_SWIFT_STANDARD_LIBRARIES = YES;
				CODE_SIGN_STYLE = Automatic;
				INFOPLIST_FILE = ForeSiteUITests/Info.plist;
				LD_RUNPATH_SEARCH_PATHS = (
					"$(inherited)",
					"@executable_path/Frameworks",
					"@loader_path/Frameworks",
				);
				PRODUCT_BUNDLE_IDENTIFIER = com.bhargava.ForeSiteUITests;
				PRODUCT_NAME = "$(TARGET_NAME)";
				SWIFT_VERSION = 4.2;
				TARGETED_DEVICE_FAMILY = "1,2";
				TEST_TARGET_NAME = ForeSite;
			};
			name = Debug;
		};
		042B8A7821BDAA1900E02F77 /* Release */ = {
			isa = XCBuildConfiguration;
			baseConfigurationReference = 1D91F6A4B8289A616FFAA908 /* Pods-ForeSiteUITests.release.xcconfig */;
			buildSettings = {
				ALWAYS_EMBED_SWIFT_STANDARD_LIBRARIES = YES;
				CODE_SIGN_STYLE = Automatic;
				INFOPLIST_FILE = ForeSiteUITests/Info.plist;
				LD_RUNPATH_SEARCH_PATHS = (
					"$(inherited)",
					"@executable_path/Frameworks",
					"@loader_path/Frameworks",
				);
				PRODUCT_BUNDLE_IDENTIFIER = com.bhargava.ForeSiteUITests;
				PRODUCT_NAME = "$(TARGET_NAME)";
				SWIFT_VERSION = 4.2;
				TARGETED_DEVICE_FAMILY = "1,2";
				TEST_TARGET_NAME = ForeSite;
			};
			name = Release;
		};
/* End XCBuildConfiguration section */

/* Begin XCConfigurationList section */
		042B8A4021BDAA1800E02F77 /* Build configuration list for PBXProject "ForeSite" */ = {
			isa = XCConfigurationList;
			buildConfigurations = (
				042B8A6E21BDAA1900E02F77 /* Debug */,
				042B8A6F21BDAA1900E02F77 /* Release */,
			);
			defaultConfigurationIsVisible = 0;
			defaultConfigurationName = Release;
		};
		042B8A7021BDAA1900E02F77 /* Build configuration list for PBXNativeTarget "ForeSite" */ = {
			isa = XCConfigurationList;
			buildConfigurations = (
				042B8A7121BDAA1900E02F77 /* Debug */,
				042B8A7221BDAA1900E02F77 /* Release */,
			);
			defaultConfigurationIsVisible = 0;
			defaultConfigurationName = Release;
		};
		042B8A7321BDAA1900E02F77 /* Build configuration list for PBXNativeTarget "ForeSiteTests" */ = {
			isa = XCConfigurationList;
			buildConfigurations = (
				042B8A7421BDAA1900E02F77 /* Debug */,
				042B8A7521BDAA1900E02F77 /* Release */,
			);
			defaultConfigurationIsVisible = 0;
			defaultConfigurationName = Release;
		};
		042B8A7621BDAA1900E02F77 /* Build configuration list for PBXNativeTarget "ForeSiteUITests" */ = {
			isa = XCConfigurationList;
			buildConfigurations = (
				042B8A7721BDAA1900E02F77 /* Debug */,
				042B8A7821BDAA1900E02F77 /* Release */,
			);
			defaultConfigurationIsVisible = 0;
			defaultConfigurationName = Release;
		};
/* End XCConfigurationList section */

/* Begin XCVersionGroup section */
		042B8A4F21BDAA1800E02F77 /* ForeSite.xcdatamodeld */ = {
			isa = XCVersionGroup;
			children = (
				042B8A5021BDAA1800E02F77 /* ForeSite.xcdatamodel */,
			);
			currentVersion = 042B8A5021BDAA1800E02F77 /* ForeSite.xcdatamodel */;
			path = ForeSite.xcdatamodeld;
			sourceTree = "<group>";
			versionGroupType = wrapper.xcdatamodel;
		};
/* End XCVersionGroup section */
	};
	rootObject = 042B8A3D21BDAA1800E02F77 /* Project object */;
}
